PODS:
  - DeepLinkKit (1.6.0)
  - FBSnapshotTestCase (2.1.4):
    - FBSnapshotTestCase/SwiftSupport (= 2.1.4)
  - FBSnapshotTestCase/Core (2.1.4)
  - FBSnapshotTestCase/SwiftSupport (2.1.4):
    - FBSnapshotTestCase/Core
  - JSONModel (1.8.0)
  - WYRouter (1.1.0):
    - DeepLinkKit (~> 1.6.0)
    - JSONModel (~> 1.8.0)

DEPENDENCIES:
  - FBSnapshotTestCase
  - WYRouter (from `../`)

SPEC REPOS:
  https://github.com/CocoaPods/Specs.git:
    - FBSnapshotTestCase
    - JSONModel
  https://github.com/D-Monarch/wyspecs.git:
    - DeepLinkKit

EXTERNAL SOURCES:
  WYRouter:
    :path: "../"

SPEC CHECKSUMS:
  DeepLinkKit: b8c28534e2e207106998844ac90b7411035fb65a
  FBSnapshotTestCase: 094f9f314decbabe373b87cc339bea235a63e07a
  JSONModel: 02ab723958366a3fd27da57ea2af2113658762e9
  WYRouter: 7bd953a00e576dcc6d4e7eafece68681315a97c3

PODFILE CHECKSUM: 9b348ffb833837fb89f0f495e97f83eebaa4edb5

COCOAPODS: 1.8.4
